Microsoft Visual Studio Solution File, Format Version 12.00
# Visual Studio 2012
Project("{FAE04EC0-301F-11D3-BF4B-00C04F79EFBC}") = "keypress-ui", "keypress-ui.csproj", "{53F10C26-BF6C-411E-8D17-3999ED09D761}"
EndProject
Global
	GlobalSection(SolutionConfigurationPlatforms) = preSolution
	Debug|Any CPU = Debug|Any CPU
	ExportDebug|Any CPU = ExportDebug|Any CPU
	ExportRelease|Any CPU = ExportRelease|Any CPU
	EndGlobalSection
	GlobalSection(ProjectConfigurationPlatforms) = postSolution
		{53F10C26-BF6C-411E-8D17-3999ED09D761}.Debug|Any CPU.ActiveCfg = Debug|Any CPU
		{53F10C26-BF6C-411E-8D17-3999ED09D761}.Debug|Any CPU.Build.0 = Debug|Any CPU
		{53F10C26-BF6C-411E-8D17-3999ED09D761}.ExportDebug|Any CPU.ActiveCfg = ExportDebug|Any CPU
		{53F10C26-BF6C-411E-8D17-3999ED09D761}.ExportDebug|Any CPU.Build.0 = ExportDebug|Any CPU
		{53F10C26-BF6C-411E-8D17-3999ED09D761}.ExportRelease|Any CPU.ActiveCfg = ExportRelease|Any CPU
		{53F10C26-BF6C-411E-8D17-3999ED09D761}.ExportRelease|Any CPU.Build.0 = ExportRelease|Any CPU
	EndGlobalSection
EndGlobal
